{
    "version": 3,
    "terraform_version": "0.10.8",
    "serial": 44,
    "lineage": "c52fd207-e4e3-40cd-aab7-38a985137aed",
    "modules": [
        {
            "path": [
                "root"
            ],
            "outputs": {},
            "resources": {
                "aws_instance.app": {
                    "type": "aws_instance",
                    "depends_on": [],
                    "primary": {
                        "id": "i-04e6c182d519d1ca7",
                        "attributes": {
                            "ami": "ami-e0dcc084",
                            "associate_public_ip_address": "false",
                            "availability_zone": "eu-west-2a",
                            "disable_api_termination": "false",
                            "ebs_block_device.#": "0",
                            "ebs_optimized": "false",
                            "ephemeral_block_device.#": "0",
                            "iam_instance_profile": "",
                            "id": "i-04e6c182d519d1ca7",
                            "instance_state": "running",
                            "instance_type": "t2.micro",
                            "ipv6_addresses.#": "0",
                            "key_name": "",
                            "monitoring": "false",
                            "network_interface.#": "0",
                            "network_interface_id": "eni-14d42241",
                            "primary_network_interface_id": "eni-14d42241",
                            "private_dns": "ip-10-6-0-15.eu-west-2.compute.internal",
                            "private_ip": "10.6.0.15",
                            "public_dns": "",
                            "public_ip": "",
                            "root_block_device.#": "1",
                            "root_block_device.0.delete_on_termination": "true",
                            "root_block_device.0.iops": "100",
                            "root_block_device.0.volume_size": "8",
                            "root_block_device.0.volume_type": "gp2",
                            "security_groups.#": "0",
                            "source_dest_check": "true",
                            "subnet_id": "subnet-5ca3f627",
                            "tags.%": "1",
                            "tags.Name": "app-keir",
                            "tenancy": "default",
                            "user_data": "4fdcd5e3a13b0a1a76f1b6b0e10ab352e546582f",
                            "volume_tags.%": "0",
                            "vpc_security_group_ids.#": "1",
                            "vpc_security_group_ids.1505108294": "sg-3e22f356"
                        },
                        "meta": {
                            "e2bfb730-ecaa-11e6-8f88-34363bc7c4c0": {
                                "create": 600000000000,
                                "delete": 600000000000,
                                "update": 600000000000
                            },
                            "schema_version": "1"
                        },
                        "tainted": false
                    },
                    "deposed": [],
                    "provider": ""
                },
                "aws_instance.db": {
                    "type": "aws_instance",
                    "depends_on": [],
                    "primary": {
                        "id": "i-0aa56a2a8f0912b66",
                        "attributes": {
                            "ami": "ami-23fae647",
                            "associate_public_ip_address": "false",
                            "availability_zone": "eu-west-2a",
                            "disable_api_termination": "false",
                            "ebs_block_device.#": "0",
                            "ebs_optimized": "false",
                            "ephemeral_block_device.#": "0",
                            "iam_instance_profile": "",
                            "id": "i-0aa56a2a8f0912b66",
                            "instance_state": "running",
                            "instance_type": "t2.micro",
                            "ipv6_addresses.#": "0",
                            "key_name": "",
                            "monitoring": "false",
                            "network_interface.#": "0",
                            "network_interface_id": "eni-8ad721df",
                            "primary_network_interface_id": "eni-8ad721df",
                            "private_dns": "ip-10-6-1-15.eu-west-2.compute.internal",
                            "private_ip": "10.6.1.15",
                            "public_dns": "",
                            "public_ip": "",
                            "root_block_device.#": "1",
                            "root_block_device.0.delete_on_termination": "true",
                            "root_block_device.0.iops": "100",
                            "root_block_device.0.volume_size": "8",
                            "root_block_device.0.volume_type": "gp2",
                            "security_groups.#": "0",
                            "source_dest_check": "true",
                            "subnet_id": "subnet-d3a1f4a8",
                            "tags.%": "1",
                            "tags.Name": "db-keir",
                            "tenancy": "default",
                            "volume_tags.%": "0",
                            "vpc_security_group_ids.#": "1",
                            "vpc_security_group_ids.2106060807": "sg-2f25f447"
                        },
                        "meta": {
                            "e2bfb730-ecaa-11e6-8f88-34363bc7c4c0": {
                                "create": 600000000000,
                                "delete": 600000000000,
                                "update": 600000000000
                            },
                            "schema_version": "1"
                        },
                        "tainted": false
                    },
                    "deposed": [],
                    "provider": ""
                },
                "aws_internet_gateway.keir-gateway": {
                    "type": "aws_internet_gateway",
                    "depends_on": [
                        "aws_vpc.uat"
                    ],
                    "primary": {
                        "id": "igw-554ad13c",
                        "attributes": {
                            "id": "igw-554ad13c",
                            "tags.%": "1",
                            "tags.Name": "keir-gw",
                            "vpc_id": "vpc-42174d2b"
                        },
                        "meta": {},
                        "tainted": false
                    },
                    "deposed": [],
                    "provider": ""
                },
                "aws_network_acl.default-keir": {
                    "type": "aws_network_acl",
                    "depends_on": [
                        "aws_vpc.uat"
                    ],
                    "primary": {
                        "id": "acl-df2a1fb6",
                        "attributes": {
                            "egress.#": "1",
                            "egress.513736600.action": "deny",
                            "egress.513736600.cidr_block": "0.0.0.0/0",
                            "egress.513736600.from_port": "0",
                            "egress.513736600.icmp_code": "0",
                            "egress.513736600.icmp_type": "0",
                            "egress.513736600.ipv6_cidr_block": "",
                            "egress.513736600.protocol": "-1",
                            "egress.513736600.rule_no": "99",
                            "egress.513736600.to_port": "0",
                            "id": "acl-df2a1fb6",
                            "ingress.#": "1",
                            "ingress.513736600.action": "deny",
                            "ingress.513736600.cidr_block": "0.0.0.0/0",
                            "ingress.513736600.from_port": "0",
                            "ingress.513736600.icmp_code": "0",
                            "ingress.513736600.icmp_type": "0",
                            "ingress.513736600.ipv6_cidr_block": "",
                            "ingress.513736600.protocol": "-1",
                            "ingress.513736600.rule_no": "99",
                            "ingress.513736600.to_port": "0",
                            "subnet_ids.#": "0",
                            "tags.%": "1",
                            "tags.Name": "private-keir",
                            "vpc_id": "vpc-42174d2b"
                        },
                        "meta": {},
                        "tainted": false
                    },
                    "deposed": [],
                    "provider": ""
                },
                "aws_network_acl.private-app-keir": {
                    "type": "aws_network_acl",
                    "depends_on": [
                        "aws_subnet.private-app",
                        "aws_vpc.uat"
                    ],
                    "primary": {
                        "id": "acl-b51520dc",
                        "attributes": {
                            "egress.#": "1",
                            "egress.11291757.action": "allow",
                            "egress.11291757.cidr_block": "10.6.2.0/24",
                            "egress.11291757.from_port": "0",
                            "egress.11291757.icmp_code": "0",
                            "egress.11291757.icmp_type": "0",
                            "egress.11291757.ipv6_cidr_block": "",
                            "egress.11291757.protocol": "6",
                            "egress.11291757.rule_no": "300",
                            "egress.11291757.to_port": "65535",
                            "id": "acl-b51520dc",
                            "ingress.#": "1",
                            "ingress.3734424472.action": "allow",
                            "ingress.3734424472.cidr_block": "10.6.2.0/24",
                            "ingress.3734424472.from_port": "3000",
                            "ingress.3734424472.icmp_code": "0",
                            "ingress.3734424472.icmp_type": "0",
                            "ingress.3734424472.ipv6_cidr_block": "",
                            "ingress.3734424472.protocol": "6",
                            "ingress.3734424472.rule_no": "300",
                            "ingress.3734424472.to_port": "3000",
                            "subnet_ids.#": "1",
                            "subnet_ids.2505118014": "subnet-5ca3f627",
                            "tags.%": "1",
                            "tags.Name": "private-app-keir",
                            "vpc_id": "vpc-42174d2b"
                        },
                        "meta": {},
                        "tainted": false
                    },
                    "deposed": [],
                    "provider": ""
                },
                "aws_network_acl.private-db-keir": {
                    "type": "aws_network_acl",
                    "depends_on": [
                        "aws_subnet.private-db",
                        "aws_vpc.uat"
                    ],
                    "primary": {
                        "id": "acl-7b152012",
                        "attributes": {
                            "egress.#": "1",
                            "egress.3969372914.action": "allow",
                            "egress.3969372914.cidr_block": "10.6.0.0/24",
                            "egress.3969372914.from_port": "0",
                            "egress.3969372914.icmp_code": "0",
                            "egress.3969372914.icmp_type": "0",
                            "egress.3969372914.ipv6_cidr_block": "",
                            "egress.3969372914.protocol": "6",
                            "egress.3969372914.rule_no": "300",
                            "egress.3969372914.to_port": "65535",
                            "id": "acl-7b152012",
                            "ingress.#": "1",
                            "ingress.2676505524.action": "allow",
                            "ingress.2676505524.cidr_block": "10.6.0.0/24",
                            "ingress.2676505524.from_port": "27017",
                            "ingress.2676505524.icmp_code": "0",
                            "ingress.2676505524.icmp_type": "0",
                            "ingress.2676505524.ipv6_cidr_block": "",
                            "ingress.2676505524.protocol": "6",
                            "ingress.2676505524.rule_no": "300",
                            "ingress.2676505524.to_port": "27017",
                            "subnet_ids.#": "1",
                            "subnet_ids.1466277849": "subnet-d3a1f4a8",
                            "tags.%": "1",
                            "tags.Name": "private-db-keir",
                            "vpc_id": "vpc-42174d2b"
                        },
                        "meta": {},
                        "tainted": false
                    },
                    "deposed": [],
                    "provider": ""
                },
                "aws_network_acl.public-elb-keir": {
                    "type": "aws_network_acl",
                    "depends_on": [
                        "aws_subnet.public-elb",
                        "aws_vpc.uat"
                    ],
                    "primary": {
                        "id": "acl-991421f0",
                        "attributes": {
                            "egress.#": "1",
                            "egress.1766759951.action": "allow",
                            "egress.1766759951.cidr_block": "0.0.0.0/0",
                            "egress.1766759951.from_port": "0",
                            "egress.1766759951.icmp_code": "0",
                            "egress.1766759951.icmp_type": "0",
                            "egress.1766759951.ipv6_cidr_block": "",
                            "egress.1766759951.protocol": "6",
                            "egress.1766759951.rule_no": "300",
                            "egress.1766759951.to_port": "65535",
                            "id": "acl-991421f0",
                            "ingress.#": "2",
                            "ingress.1126506806.action": "allow",
                            "ingress.1126506806.cidr_block": "0.0.0.0/0",
                            "ingress.1126506806.from_port": "80",
                            "ingress.1126506806.icmp_code": "0",
                            "ingress.1126506806.icmp_type": "0",
                            "ingress.1126506806.ipv6_cidr_block": "",
                            "ingress.1126506806.protocol": "6",
                            "ingress.1126506806.rule_no": "300",
                            "ingress.1126506806.to_port": "80",
                            "ingress.714629306.action": "allow",
                            "ingress.714629306.cidr_block": "10.6.0.0/24",
                            "ingress.714629306.from_port": "0",
                            "ingress.714629306.icmp_code": "0",
                            "ingress.714629306.icmp_type": "0",
                            "ingress.714629306.ipv6_cidr_block": "",
                            "ingress.714629306.protocol": "6",
                            "ingress.714629306.rule_no": "100",
                            "ingress.714629306.to_port": "65535",
                            "subnet_ids.#": "1",
                            "subnet_ids.641459480": "subnet-53a3f628",
                            "tags.%": "1",
                            "tags.Name": "public-keir",
                            "vpc_id": "vpc-42174d2b"
                        },
                        "meta": {},
                        "tainted": false
                    },
                    "deposed": [],
                    "provider": ""
                },
                "aws_route_table.private-rt": {
                    "type": "aws_route_table",
                    "depends_on": [
                        "aws_vpc.uat"
                    ],
                    "primary": {
                        "id": "rtb-625b670b",
                        "attributes": {
                            "id": "rtb-625b670b",
                            "propagating_vgws.#": "0",
                            "route.#": "0",
                            "tags.%": "1",
                            "tags.Name": "keir-route-private",
                            "vpc_id": "vpc-42174d2b"
                        },
                        "meta": {},
                        "tainted": false
                    },
                    "deposed": [],
                    "provider": ""
                },
                "aws_route_table.public-rt": {
                    "type": "aws_route_table",
                    "depends_on": [
                        "aws_internet_gateway.keir-gateway",
                        "aws_vpc.uat"
                    ],
                    "primary": {
                        "id": "rtb-41586428",
                        "attributes": {
                            "id": "rtb-41586428",
                            "propagating_vgws.#": "0",
                            "route.#": "1",
                            "route.2031970001.cidr_block": "0.0.0.0/0",
                            "route.2031970001.egress_only_gateway_id": "",
                            "route.2031970001.gateway_id": "igw-554ad13c",
                            "route.2031970001.instance_id": "",
                            "route.2031970001.ipv6_cidr_block": "",
                            "route.2031970001.nat_gateway_id": "",
                            "route.2031970001.network_interface_id": "",
                            "route.2031970001.vpc_peering_connection_id": "",
                            "tags.%": "1",
                            "tags.Name": "keir-route-public",
                            "vpc_id": "vpc-42174d2b"
                        },
                        "meta": {},
                        "tainted": false
                    },
                    "deposed": [],
                    "provider": ""
                },
                "aws_route_table_association.private-keir": {
                    "type": "aws_route_table_association",
                    "depends_on": [
                        "aws_route_table.private-rt",
                        "aws_subnet.private-db"
                    ],
                    "primary": {
                        "id": "rtbassoc-eaf30482",
                        "attributes": {
                            "id": "rtbassoc-eaf30482",
                            "route_table_id": "rtb-625b670b",
                            "subnet_id": "subnet-d3a1f4a8"
                        },
                        "meta": {},
                        "tainted": false
                    },
                    "deposed": [],
                    "provider": ""
                },
                "aws_route_table_association.public-keir": {
                    "type": "aws_route_table_association",
                    "depends_on": [
                        "aws_route_table.public-rt",
                        "aws_subnet.public-elb"
                    ],
                    "primary": {
                        "id": "rtbassoc-ebf30483",
                        "attributes": {
                            "id": "rtbassoc-ebf30483",
                            "route_table_id": "rtb-41586428",
                            "subnet_id": "subnet-53a3f628"
                        },
                        "meta": {},
                        "tainted": false
                    },
                    "deposed": [],
                    "provider": ""
                },
                "aws_security_group.app": {
                    "type": "aws_security_group",
                    "depends_on": [
                        "aws_vpc.uat"
                    ],
                    "primary": {
                        "id": "sg-3e22f356",
                        "attributes": {
                            "description": "Allow all inbound and outbound traffic",
                            "egress.#": "1",
                            "egress.4507373.cidr_blocks.#": "1",
                            "egress.4507373.cidr_blocks.0": "10.6.1.0/24",
                            "egress.4507373.description": "",
                            "egress.4507373.from_port": "5432",
                            "egress.4507373.ipv6_cidr_blocks.#": "0",
                            "egress.4507373.prefix_list_ids.#": "0",
                            "egress.4507373.protocol": "tcp",
                            "egress.4507373.security_groups.#": "0",
                            "egress.4507373.self": "false",
                            "egress.4507373.to_port": "5432",
                            "id": "sg-3e22f356",
                            "ingress.#": "1",
                            "ingress.3150532126.cidr_blocks.#": "1",
                            "ingress.3150532126.cidr_blocks.0": "10.6.2.0/24",
                            "ingress.3150532126.description": "",
                            "ingress.3150532126.from_port": "3000",
                            "ingress.3150532126.ipv6_cidr_blocks.#": "0",
                            "ingress.3150532126.protocol": "tcp",
                            "ingress.3150532126.security_groups.#": "0",
                            "ingress.3150532126.self": "false",
                            "ingress.3150532126.to_port": "3000",
                            "name": "app",
                            "owner_id": "135928476890",
                            "revoke_rules_on_delete": "false",
                            "tags.%": "1",
                            "tags.Name": "app-keir",
                            "vpc_id": "vpc-42174d2b"
                        },
                        "meta": {
                            "schema_version": "1"
                        },
                        "tainted": false
                    },
                    "deposed": [],
                    "provider": ""
                },
                "aws_security_group.db": {
                    "type": "aws_security_group",
                    "depends_on": [
                        "aws_vpc.uat"
                    ],
                    "primary": {
                        "id": "sg-2f25f447",
                        "attributes": {
                            "description": "Allow traffic from app",
                            "egress.#": "1",
                            "egress.2788412761.cidr_blocks.#": "1",
                            "egress.2788412761.cidr_blocks.0": "10.6.0.0/24",
                            "egress.2788412761.description": "",
                            "egress.2788412761.from_port": "5432",
                            "egress.2788412761.ipv6_cidr_blocks.#": "0",
                            "egress.2788412761.prefix_list_ids.#": "0",
                            "egress.2788412761.protocol": "tcp",
                            "egress.2788412761.security_groups.#": "0",
                            "egress.2788412761.self": "false",
                            "egress.2788412761.to_port": "5432",
                            "id": "sg-2f25f447",
                            "ingress.#": "1",
                            "ingress.2788412761.cidr_blocks.#": "1",
                            "ingress.2788412761.cidr_blocks.0": "10.6.0.0/24",
                            "ingress.2788412761.description": "",
                            "ingress.2788412761.from_port": "5432",
                            "ingress.2788412761.ipv6_cidr_blocks.#": "0",
                            "ingress.2788412761.protocol": "tcp",
                            "ingress.2788412761.security_groups.#": "0",
                            "ingress.2788412761.self": "false",
                            "ingress.2788412761.to_port": "5432",
                            "name": "db",
                            "owner_id": "135928476890",
                            "revoke_rules_on_delete": "false",
                            "tags.%": "1",
                            "tags.Name": "db-keir",
                            "vpc_id": "vpc-42174d2b"
                        },
                        "meta": {
                            "schema_version": "1"
                        },
                        "tainted": false
                    },
                    "deposed": [],
                    "provider": ""
                },
                "aws_security_group.elb": {
                    "type": "aws_security_group",
                    "depends_on": [
                        "aws_vpc.uat"
                    ],
                    "primary": {
                        "id": "sg-ce22f3a6",
                        "attributes": {
                            "description": "Allow all inbound and outbound traffic",
                            "egress.#": "1",
                            "egress.2788412761.cidr_blocks.#": "1",
                            "egress.2788412761.cidr_blocks.0": "10.6.0.0/24",
                            "egress.2788412761.description": "",
                            "egress.2788412761.from_port": "5432",
                            "egress.2788412761.ipv6_cidr_blocks.#": "0",
                            "egress.2788412761.prefix_list_ids.#": "0",
                            "egress.2788412761.protocol": "tcp",
                            "egress.2788412761.security_groups.#": "0",
                            "egress.2788412761.self": "false",
                            "egress.2788412761.to_port": "5432",
                            "id": "sg-ce22f3a6",
                            "ingress.#": "2",
                            "ingress.2214680975.cidr_blocks.#": "1",
                            "ingress.2214680975.cidr_blocks.0": "0.0.0.0/0",
                            "ingress.2214680975.description": "",
                            "ingress.2214680975.from_port": "80",
                            "ingress.2214680975.ipv6_cidr_blocks.#": "0",
                            "ingress.2214680975.protocol": "tcp",
                            "ingress.2214680975.security_groups.#": "0",
                            "ingress.2214680975.self": "false",
                            "ingress.2214680975.to_port": "80",
                            "ingress.2617001939.cidr_blocks.#": "1",
                            "ingress.2617001939.cidr_blocks.0": "0.0.0.0/0",
                            "ingress.2617001939.description": "",
                            "ingress.2617001939.from_port": "443",
                            "ingress.2617001939.ipv6_cidr_blocks.#": "0",
                            "ingress.2617001939.protocol": "tcp",
                            "ingress.2617001939.security_groups.#": "0",
                            "ingress.2617001939.self": "false",
                            "ingress.2617001939.to_port": "443",
                            "name": "elb",
                            "owner_id": "135928476890",
                            "revoke_rules_on_delete": "false",
                            "tags.%": "1",
                            "tags.Name": "elb-keir",
                            "vpc_id": "vpc-42174d2b"
                        },
                        "meta": {
                            "schema_version": "1"
                        },
                        "tainted": false
                    },
                    "deposed": [],
                    "provider": ""
                },
                "aws_subnet.private-app": {
                    "type": "aws_subnet",
                    "depends_on": [
                        "aws_vpc.uat"
                    ],
                    "primary": {
                        "id": "subnet-5ca3f627",
                        "attributes": {
                            "assign_ipv6_address_on_creation": "false",
                            "availability_zone": "eu-west-2a",
                            "cidr_block": "10.6.0.0/24",
                            "id": "subnet-5ca3f627",
                            "map_public_ip_on_launch": "false",
                            "tags.%": "1",
                            "tags.Name": "app-keir",
                            "vpc_id": "vpc-42174d2b"
                        },
                        "meta": {
                            "schema_version": "1"
                        },
                        "tainted": false
                    },
                    "deposed": [],
                    "provider": ""
                },
                "aws_subnet.private-db": {
                    "type": "aws_subnet",
                    "depends_on": [
                        "aws_vpc.uat"
                    ],
                    "primary": {
                        "id": "subnet-d3a1f4a8",
                        "attributes": {
                            "assign_ipv6_address_on_creation": "false",
                            "availability_zone": "eu-west-2a",
                            "cidr_block": "10.6.1.0/24",
                            "id": "subnet-d3a1f4a8",
                            "map_public_ip_on_launch": "false",
                            "tags.%": "1",
                            "tags.Name": "db-keir",
                            "vpc_id": "vpc-42174d2b"
                        },
                        "meta": {
                            "schema_version": "1"
                        },
                        "tainted": false
                    },
                    "deposed": [],
                    "provider": ""
                },
                "aws_subnet.public-elb": {
                    "type": "aws_subnet",
                    "depends_on": [
                        "aws_vpc.uat"
                    ],
                    "primary": {
                        "id": "subnet-53a3f628",
                        "attributes": {
                            "assign_ipv6_address_on_creation": "false",
                            "availability_zone": "eu-west-2a",
                            "cidr_block": "10.6.2.0/24",
                            "id": "subnet-53a3f628",
                            "map_public_ip_on_launch": "true",
                            "tags.%": "1",
                            "tags.Name": "elb-keir",
                            "vpc_id": "vpc-42174d2b"
                        },
                        "meta": {
                            "schema_version": "1"
                        },
                        "tainted": false
                    },
                    "deposed": [],
                    "provider": ""
                },
                "aws_vpc.uat": {
                    "type": "aws_vpc",
                    "depends_on": [],
                    "primary": {
                        "id": "vpc-42174d2b",
                        "attributes": {
                            "assign_generated_ipv6_cidr_block": "false",
                            "cidr_block": "10.6.0.0/16",
                            "default_network_acl_id": "acl-5417223d",
                            "default_route_table_id": "rtb-5a596533",
                            "default_security_group_id": "sg-3424f55c",
                            "dhcp_options_id": "dopt-c022f2a9",
                            "enable_dns_hostnames": "false",
                            "enable_dns_support": "true",
                            "id": "vpc-42174d2b",
                            "instance_tenancy": "default",
                            "main_route_table_id": "rtb-5a596533",
                            "tags.%": "1",
                            "tags.Name": "main-keir"
                        },
                        "meta": {
                            "schema_version": "1"
                        },
                        "tainted": false
                    },
                    "deposed": [],
                    "provider": ""
                },
                "data.template_file.init": {
                    "type": "template_file",
                    "depends_on": [
                        "aws_instance.db"
                    ],
                    "primary": {
                        "id": "ea59ac7766e1880ef305bed3cf76350f005aa69cfb5a2666d8964324e7e55414",
                        "attributes": {
                            "id": "ea59ac7766e1880ef305bed3cf76350f005aa69cfb5a2666d8964324e7e55414",
                            "rendered": "#!/bin/bash\n\ncd /home/ubuntu/app\n\nexport DB_HOST=mongodb://10.6.1.15/posts\nnpm install\npm2 start app.js",
                            "template": "#!/bin/bash\n\ncd /home/ubuntu/app\n\nexport DB_HOST=mongodb://${db_host_ip}/posts\nnpm install\npm2 start app.js",
                            "vars.%": "1",
                            "vars.db_host_ip": "10.6.1.15"
                        },
                        "meta": {},
                        "tainted": false
                    },
                    "deposed": [],
                    "provider": ""
                }
            },
            "depends_on": []
        }
    ]
}
