{
    "version": 3,
    "terraform_version": "0.10.8",
    "serial": 17,
    "lineage": "ca65dfd3-8277-49e2-9d6c-73efee9058cc",
    "modules": [
        {
            "path": [
                "root"
            ],
            "outputs": {},
            "resources": {
                "aws_elb.keir-elb": {
                    "type": "aws_elb",
                    "depends_on": [
                        "aws_instance.app",
                        "aws_security_group.elb",
                        "aws_subnet.public-elb"
                    ],
                    "primary": {
                        "id": "keir-elb",
                        "attributes": {
                            "access_logs.#": "0",
                            "availability_zones.#": "1",
                            "availability_zones.3230292939": "eu-west-2a",
                            "connection_draining": "true",
                            "connection_draining_timeout": "10",
                            "cross_zone_load_balancing": "true",
                            "dns_name": "keir-elb-997519223.eu-west-2.elb.amazonaws.com",
                            "health_check.#": "1",
                            "health_check.0.healthy_threshold": "3",
                            "health_check.0.interval": "30",
                            "health_check.0.target": "HTTP:3000/",
                            "health_check.0.timeout": "3",
                            "health_check.0.unhealthy_threshold": "3",
                            "id": "keir-elb",
                            "idle_timeout": "10",
                            "instances.#": "1",
                            "instances.3646794927": "i-0073addc59c55f1e8",
                            "internal": "false",
                            "listener.#": "1",
                            "listener.2797230273.instance_port": "3000",
                            "listener.2797230273.instance_protocol": "http",
                            "listener.2797230273.lb_port": "80",
                            "listener.2797230273.lb_protocol": "http",
                            "listener.2797230273.ssl_certificate_id": "",
                            "name": "keir-elb",
                            "security_groups.#": "1",
                            "security_groups.3853160780": "sg-69459501",
                            "source_security_group": "135928476890/elb",
                            "source_security_group_id": "sg-69459501",
                            "subnets.#": "1",
                            "subnets.2475602272": "subnet-0b431770",
                            "tags.%": "1",
                            "tags.Name": "keir-elb",
                            "zone_id": "ZHURV8PSTC4K8"
                        },
                        "meta": {},
                        "tainted": false
                    },
                    "deposed": [],
                    "provider": ""
                },
                "aws_instance.app": {
                    "type": "aws_instance",
                    "depends_on": [],
                    "primary": {
                        "id": "i-0073addc59c55f1e8",
                        "attributes": {
                            "ami": "ami-e0dcc084",
                            "associate_public_ip_address": "false",
                            "availability_zone": "eu-west-2a",
                            "disable_api_termination": "false",
                            "ebs_block_device.#": "0",
                            "ebs_optimized": "false",
                            "ephemeral_block_device.#": "0",
                            "iam_instance_profile": "",
                            "id": "i-0073addc59c55f1e8",
                            "instance_state": "running",
                            "instance_type": "t2.micro",
                            "ipv6_addresses.#": "0",
                            "key_name": "",
                            "monitoring": "false",
                            "network_interface.#": "0",
                            "network_interface_id": "eni-f20dfca7",
                            "primary_network_interface_id": "eni-f20dfca7",
                            "private_dns": "ip-10-6-0-142.eu-west-2.compute.internal",
                            "private_ip": "10.6.0.142",
                            "public_dns": "",
                            "public_ip": "",
                            "root_block_device.#": "1",
                            "root_block_device.0.delete_on_termination": "true",
                            "root_block_device.0.iops": "100",
                            "root_block_device.0.volume_size": "8",
                            "root_block_device.0.volume_type": "gp2",
                            "security_groups.#": "0",
                            "source_dest_check": "true",
                            "subnet_id": "subnet-0a431771",
                            "tags.%": "1",
                            "tags.Name": "app-keir",
                            "tenancy": "default",
                            "user_data": "91994fd7704fceeb621d56aefe3715219835c3f5",
                            "volume_tags.%": "0",
                            "vpc_security_group_ids.#": "1",
                            "vpc_security_group_ids.1821992742": "sg-6a459502"
                        },
                        "meta": {
                            "e2bfb730-ecaa-11e6-8f88-34363bc7c4c0": {
                                "create": 600000000000,
                                "delete": 600000000000,
                                "update": 600000000000
                            },
                            "schema_version": "1"
                        },
                        "tainted": false
                    },
                    "deposed": [],
                    "provider": ""
                },
                "aws_instance.db": {
                    "type": "aws_instance",
                    "depends_on": [],
                    "primary": {
                        "id": "i-0ce5119d651a932bc",
                        "attributes": {
                            "ami": "ami-23fae647",
                            "associate_public_ip_address": "false",
                            "availability_zone": "eu-west-2a",
                            "disable_api_termination": "false",
                            "ebs_block_device.#": "0",
                            "ebs_optimized": "false",
                            "ephemeral_block_device.#": "0",
                            "iam_instance_profile": "",
                            "id": "i-0ce5119d651a932bc",
                            "instance_state": "running",
                            "instance_type": "t2.micro",
                            "ipv6_addresses.#": "0",
                            "key_name": "",
                            "monitoring": "false",
                            "network_interface.#": "0",
                            "network_interface_id": "eni-0f0ffe5a",
                            "primary_network_interface_id": "eni-0f0ffe5a",
                            "private_dns": "ip-10-6-1-122.eu-west-2.compute.internal",
                            "private_ip": "10.6.1.122",
                            "public_dns": "",
                            "public_ip": "",
                            "root_block_device.#": "1",
                            "root_block_device.0.delete_on_termination": "true",
                            "root_block_device.0.iops": "100",
                            "root_block_device.0.volume_size": "8",
                            "root_block_device.0.volume_type": "gp2",
                            "security_groups.#": "0",
                            "source_dest_check": "true",
                            "subnet_id": "subnet-6c421617",
                            "tags.%": "1",
                            "tags.Name": "db-keir",
                            "tenancy": "default",
                            "volume_tags.%": "0",
                            "vpc_security_group_ids.#": "1",
                            "vpc_security_group_ids.3976913479": "sg-4b429223"
                        },
                        "meta": {
                            "e2bfb730-ecaa-11e6-8f88-34363bc7c4c0": {
                                "create": 600000000000,
                                "delete": 600000000000,
                                "update": 600000000000
                            },
                            "schema_version": "1"
                        },
                        "tainted": false
                    },
                    "deposed": [],
                    "provider": ""
                },
                "aws_internet_gateway.keir-gateway": {
                    "type": "aws_internet_gateway",
                    "depends_on": [
                        "aws_vpc.uat"
                    ],
                    "primary": {
                        "id": "igw-2929b240",
                        "attributes": {
                            "id": "igw-2929b240",
                            "tags.%": "1",
                            "tags.Name": "keir-gw",
                            "vpc_id": "vpc-47a9f32e"
                        },
                        "meta": {},
                        "tainted": false
                    },
                    "deposed": [],
                    "provider": ""
                },
                "aws_network_acl.default-keir": {
                    "type": "aws_network_acl",
                    "depends_on": [
                        "aws_vpc.uat"
                    ],
                    "primary": {
                        "id": "acl-1463577d",
                        "attributes": {
                            "egress.#": "1",
                            "egress.513736600.action": "deny",
                            "egress.513736600.cidr_block": "0.0.0.0/0",
                            "egress.513736600.from_port": "0",
                            "egress.513736600.icmp_code": "0",
                            "egress.513736600.icmp_type": "0",
                            "egress.513736600.ipv6_cidr_block": "",
                            "egress.513736600.protocol": "-1",
                            "egress.513736600.rule_no": "99",
                            "egress.513736600.to_port": "0",
                            "id": "acl-1463577d",
                            "ingress.#": "1",
                            "ingress.513736600.action": "deny",
                            "ingress.513736600.cidr_block": "0.0.0.0/0",
                            "ingress.513736600.from_port": "0",
                            "ingress.513736600.icmp_code": "0",
                            "ingress.513736600.icmp_type": "0",
                            "ingress.513736600.ipv6_cidr_block": "",
                            "ingress.513736600.protocol": "-1",
                            "ingress.513736600.rule_no": "99",
                            "ingress.513736600.to_port": "0",
                            "subnet_ids.#": "0",
                            "tags.%": "1",
                            "tags.Name": "private-keir",
                            "vpc_id": "vpc-47a9f32e"
                        },
                        "meta": {},
                        "tainted": false
                    },
                    "deposed": [],
                    "provider": ""
                },
                "aws_network_acl.private-app-keir": {
                    "type": "aws_network_acl",
                    "depends_on": [
                        "aws_subnet.private-app",
                        "aws_subnet.private-db",
                        "aws_subnet.public-elb",
                        "aws_vpc.uat"
                    ],
                    "primary": {
                        "id": "acl-656e5a0c",
                        "attributes": {
                            "egress.#": "2",
                            "egress.11291757.action": "allow",
                            "egress.11291757.cidr_block": "10.6.2.0/24",
                            "egress.11291757.from_port": "0",
                            "egress.11291757.icmp_code": "0",
                            "egress.11291757.icmp_type": "0",
                            "egress.11291757.ipv6_cidr_block": "",
                            "egress.11291757.protocol": "6",
                            "egress.11291757.rule_no": "300",
                            "egress.11291757.to_port": "65535",
                            "egress.3342759617.action": "allow",
                            "egress.3342759617.cidr_block": "10.6.1.0/24",
                            "egress.3342759617.from_port": "27017",
                            "egress.3342759617.icmp_code": "0",
                            "egress.3342759617.icmp_type": "0",
                            "egress.3342759617.ipv6_cidr_block": "",
                            "egress.3342759617.protocol": "6",
                            "egress.3342759617.rule_no": "299",
                            "egress.3342759617.to_port": "27017",
                            "id": "acl-656e5a0c",
                            "ingress.#": "2",
                            "ingress.3022102407.action": "allow",
                            "ingress.3022102407.cidr_block": "10.6.1.0/24",
                            "ingress.3022102407.from_port": "0",
                            "ingress.3022102407.icmp_code": "0",
                            "ingress.3022102407.icmp_type": "0",
                            "ingress.3022102407.ipv6_cidr_block": "",
                            "ingress.3022102407.protocol": "6",
                            "ingress.3022102407.rule_no": "299",
                            "ingress.3022102407.to_port": "65535",
                            "ingress.3734424472.action": "allow",
                            "ingress.3734424472.cidr_block": "10.6.2.0/24",
                            "ingress.3734424472.from_port": "3000",
                            "ingress.3734424472.icmp_code": "0",
                            "ingress.3734424472.icmp_type": "0",
                            "ingress.3734424472.ipv6_cidr_block": "",
                            "ingress.3734424472.protocol": "6",
                            "ingress.3734424472.rule_no": "300",
                            "ingress.3734424472.to_port": "3000",
                            "subnet_ids.#": "1",
                            "subnet_ids.3579943787": "subnet-0a431771",
                            "tags.%": "1",
                            "tags.Name": "private-app-keir",
                            "vpc_id": "vpc-47a9f32e"
                        },
                        "meta": {},
                        "tainted": false
                    },
                    "deposed": [],
                    "provider": ""
                },
                "aws_network_acl.private-db-keir": {
                    "type": "aws_network_acl",
                    "depends_on": [
                        "aws_subnet.private-app",
                        "aws_subnet.private-db",
                        "aws_vpc.uat"
                    ],
                    "primary": {
                        "id": "acl-c46155ad",
                        "attributes": {
                            "egress.#": "1",
                            "egress.3969372914.action": "allow",
                            "egress.3969372914.cidr_block": "10.6.0.0/24",
                            "egress.3969372914.from_port": "0",
                            "egress.3969372914.icmp_code": "0",
                            "egress.3969372914.icmp_type": "0",
                            "egress.3969372914.ipv6_cidr_block": "",
                            "egress.3969372914.protocol": "6",
                            "egress.3969372914.rule_no": "300",
                            "egress.3969372914.to_port": "65535",
                            "id": "acl-c46155ad",
                            "ingress.#": "1",
                            "ingress.2676505524.action": "allow",
                            "ingress.2676505524.cidr_block": "10.6.0.0/24",
                            "ingress.2676505524.from_port": "27017",
                            "ingress.2676505524.icmp_code": "0",
                            "ingress.2676505524.icmp_type": "0",
                            "ingress.2676505524.ipv6_cidr_block": "",
                            "ingress.2676505524.protocol": "6",
                            "ingress.2676505524.rule_no": "300",
                            "ingress.2676505524.to_port": "27017",
                            "subnet_ids.#": "1",
                            "subnet_ids.118145777": "subnet-6c421617",
                            "tags.%": "1",
                            "tags.Name": "private-db-keir",
                            "vpc_id": "vpc-47a9f32e"
                        },
                        "meta": {},
                        "tainted": false
                    },
                    "deposed": [],
                    "provider": ""
                },
                "aws_network_acl.public-elb-keir": {
                    "type": "aws_network_acl",
                    "depends_on": [
                        "aws_subnet.private-app",
                        "aws_subnet.public-elb",
                        "aws_vpc.uat"
                    ],
                    "primary": {
                        "id": "acl-40635729",
                        "attributes": {
                            "egress.#": "1",
                            "egress.1766759951.action": "allow",
                            "egress.1766759951.cidr_block": "0.0.0.0/0",
                            "egress.1766759951.from_port": "0",
                            "egress.1766759951.icmp_code": "0",
                            "egress.1766759951.icmp_type": "0",
                            "egress.1766759951.ipv6_cidr_block": "",
                            "egress.1766759951.protocol": "6",
                            "egress.1766759951.rule_no": "300",
                            "egress.1766759951.to_port": "65535",
                            "id": "acl-40635729",
                            "ingress.#": "2",
                            "ingress.1126506806.action": "allow",
                            "ingress.1126506806.cidr_block": "0.0.0.0/0",
                            "ingress.1126506806.from_port": "80",
                            "ingress.1126506806.icmp_code": "0",
                            "ingress.1126506806.icmp_type": "0",
                            "ingress.1126506806.ipv6_cidr_block": "",
                            "ingress.1126506806.protocol": "6",
                            "ingress.1126506806.rule_no": "300",
                            "ingress.1126506806.to_port": "80",
                            "ingress.714629306.action": "allow",
                            "ingress.714629306.cidr_block": "10.6.0.0/24",
                            "ingress.714629306.from_port": "0",
                            "ingress.714629306.icmp_code": "0",
                            "ingress.714629306.icmp_type": "0",
                            "ingress.714629306.ipv6_cidr_block": "",
                            "ingress.714629306.protocol": "6",
                            "ingress.714629306.rule_no": "100",
                            "ingress.714629306.to_port": "65535",
                            "subnet_ids.#": "1",
                            "subnet_ids.2475602272": "subnet-0b431770",
                            "tags.%": "1",
                            "tags.Name": "public-keir",
                            "vpc_id": "vpc-47a9f32e"
                        },
                        "meta": {},
                        "tainted": false
                    },
                    "deposed": [],
                    "provider": ""
                },
                "aws_route_table.private-rt": {
                    "type": "aws_route_table",
                    "depends_on": [
                        "aws_vpc.uat"
                    ],
                    "primary": {
                        "id": "rtb-a09ea2c9",
                        "attributes": {
                            "id": "rtb-a09ea2c9",
                            "propagating_vgws.#": "0",
                            "route.#": "0",
                            "tags.%": "1",
                            "tags.Name": "keir-route-private",
                            "vpc_id": "vpc-47a9f32e"
                        },
                        "meta": {},
                        "tainted": false
                    },
                    "deposed": [],
                    "provider": ""
                },
                "aws_route_table.public-rt": {
                    "type": "aws_route_table",
                    "depends_on": [
                        "aws_internet_gateway.keir-gateway",
                        "aws_vpc.uat"
                    ],
                    "primary": {
                        "id": "rtb-b399a5da",
                        "attributes": {
                            "id": "rtb-b399a5da",
                            "propagating_vgws.#": "0",
                            "route.#": "1",
                            "route.2269207258.cidr_block": "0.0.0.0/0",
                            "route.2269207258.egress_only_gateway_id": "",
                            "route.2269207258.gateway_id": "igw-2929b240",
                            "route.2269207258.instance_id": "",
                            "route.2269207258.ipv6_cidr_block": "",
                            "route.2269207258.nat_gateway_id": "",
                            "route.2269207258.network_interface_id": "",
                            "route.2269207258.vpc_peering_connection_id": "",
                            "tags.%": "1",
                            "tags.Name": "keir-route-public",
                            "vpc_id": "vpc-47a9f32e"
                        },
                        "meta": {},
                        "tainted": false
                    },
                    "deposed": [],
                    "provider": ""
                },
                "aws_route_table_association.privat-keir": {
                    "type": "aws_route_table_association",
                    "depends_on": [
                        "aws_route_table.private-rt",
                        "aws_subnet.private-db"
                    ],
                    "primary": {
                        "id": "rtbassoc-2683754e",
                        "attributes": {
                            "id": "rtbassoc-2683754e",
                            "route_table_id": "rtb-a09ea2c9",
                            "subnet_id": "subnet-6c421617"
                        },
                        "meta": {},
                        "tainted": false
                    },
                    "deposed": [],
                    "provider": ""
                },
                "aws_route_table_association.private-keir": {
                    "type": "aws_route_table_association",
                    "depends_on": [
                        "aws_route_table.private-rt",
                        "aws_subnet.private-app"
                    ],
                    "primary": {
                        "id": "rtbassoc-30807658",
                        "attributes": {
                            "id": "rtbassoc-30807658",
                            "route_table_id": "rtb-a09ea2c9",
                            "subnet_id": "subnet-0a431771"
                        },
                        "meta": {},
                        "tainted": false
                    },
                    "deposed": [],
                    "provider": ""
                },
                "aws_route_table_association.public-keir": {
                    "type": "aws_route_table_association",
                    "depends_on": [
                        "aws_route_table.public-rt",
                        "aws_subnet.public-elb"
                    ],
                    "primary": {
                        "id": "rtbassoc-3a8f7952",
                        "attributes": {
                            "id": "rtbassoc-3a8f7952",
                            "route_table_id": "rtb-b399a5da",
                            "subnet_id": "subnet-0b431770"
                        },
                        "meta": {},
                        "tainted": false
                    },
                    "deposed": [],
                    "provider": ""
                },
                "aws_security_group.app": {
                    "type": "aws_security_group",
                    "depends_on": [
                        "aws_subnet.private-db",
                        "aws_subnet.public-elb",
                        "aws_vpc.uat"
                    ],
                    "primary": {
                        "id": "sg-6a459502",
                        "attributes": {
                            "description": "Allow all inbound and outbound traffic",
                            "egress.#": "2",
                            "egress.1308207504.cidr_blocks.#": "1",
                            "egress.1308207504.cidr_blocks.0": "10.6.1.0/24",
                            "egress.1308207504.description": "",
                            "egress.1308207504.from_port": "27017",
                            "egress.1308207504.ipv6_cidr_blocks.#": "0",
                            "egress.1308207504.prefix_list_ids.#": "0",
                            "egress.1308207504.protocol": "tcp",
                            "egress.1308207504.security_groups.#": "0",
                            "egress.1308207504.self": "false",
                            "egress.1308207504.to_port": "27017",
                            "egress.26010139.cidr_blocks.#": "1",
                            "egress.26010139.cidr_blocks.0": "10.6.2.0/24",
                            "egress.26010139.description": "",
                            "egress.26010139.from_port": "0",
                            "egress.26010139.ipv6_cidr_blocks.#": "0",
                            "egress.26010139.prefix_list_ids.#": "0",
                            "egress.26010139.protocol": "tcp",
                            "egress.26010139.security_groups.#": "0",
                            "egress.26010139.self": "false",
                            "egress.26010139.to_port": "65535",
                            "id": "sg-6a459502",
                            "ingress.#": "2",
                            "ingress.3150532126.cidr_blocks.#": "1",
                            "ingress.3150532126.cidr_blocks.0": "10.6.2.0/24",
                            "ingress.3150532126.description": "",
                            "ingress.3150532126.from_port": "3000",
                            "ingress.3150532126.ipv6_cidr_blocks.#": "0",
                            "ingress.3150532126.protocol": "tcp",
                            "ingress.3150532126.security_groups.#": "0",
                            "ingress.3150532126.self": "false",
                            "ingress.3150532126.to_port": "3000",
                            "ingress.811923590.cidr_blocks.#": "1",
                            "ingress.811923590.cidr_blocks.0": "10.6.1.0/24",
                            "ingress.811923590.description": "",
                            "ingress.811923590.from_port": "0",
                            "ingress.811923590.ipv6_cidr_blocks.#": "0",
                            "ingress.811923590.protocol": "tcp",
                            "ingress.811923590.security_groups.#": "0",
                            "ingress.811923590.self": "false",
                            "ingress.811923590.to_port": "65535",
                            "name": "app",
                            "owner_id": "135928476890",
                            "revoke_rules_on_delete": "false",
                            "tags.%": "1",
                            "tags.Name": "app-keir",
                            "vpc_id": "vpc-47a9f32e"
                        },
                        "meta": {
                            "schema_version": "1"
                        },
                        "tainted": false
                    },
                    "deposed": [],
                    "provider": ""
                },
                "aws_security_group.db": {
                    "type": "aws_security_group",
                    "depends_on": [
                        "aws_subnet.private-app",
                        "aws_vpc.uat"
                    ],
                    "primary": {
                        "id": "sg-4b429223",
                        "attributes": {
                            "description": "Allow traffic from app",
                            "egress.#": "1",
                            "egress.3951993380.cidr_blocks.#": "1",
                            "egress.3951993380.cidr_blocks.0": "10.6.0.0/24",
                            "egress.3951993380.description": "",
                            "egress.3951993380.from_port": "27017",
                            "egress.3951993380.ipv6_cidr_blocks.#": "0",
                            "egress.3951993380.prefix_list_ids.#": "0",
                            "egress.3951993380.protocol": "tcp",
                            "egress.3951993380.security_groups.#": "0",
                            "egress.3951993380.self": "false",
                            "egress.3951993380.to_port": "27017",
                            "id": "sg-4b429223",
                            "ingress.#": "1",
                            "ingress.3951993380.cidr_blocks.#": "1",
                            "ingress.3951993380.cidr_blocks.0": "10.6.0.0/24",
                            "ingress.3951993380.description": "",
                            "ingress.3951993380.from_port": "27017",
                            "ingress.3951993380.ipv6_cidr_blocks.#": "0",
                            "ingress.3951993380.protocol": "tcp",
                            "ingress.3951993380.security_groups.#": "0",
                            "ingress.3951993380.self": "false",
                            "ingress.3951993380.to_port": "27017",
                            "name": "db",
                            "owner_id": "135928476890",
                            "revoke_rules_on_delete": "false",
                            "tags.%": "1",
                            "tags.Name": "db-keir",
                            "vpc_id": "vpc-47a9f32e"
                        },
                        "meta": {
                            "schema_version": "1"
                        },
                        "tainted": false
                    },
                    "deposed": [],
                    "provider": ""
                },
                "aws_security_group.elb": {
                    "type": "aws_security_group",
                    "depends_on": [
                        "aws_subnet.private-app",
                        "aws_vpc.uat"
                    ],
                    "primary": {
                        "id": "sg-69459501",
                        "attributes": {
                            "description": "Allow all inbound and outbound traffic",
                            "egress.#": "1",
                            "egress.743857975.cidr_blocks.#": "1",
                            "egress.743857975.cidr_blocks.0": "10.6.0.0/24",
                            "egress.743857975.description": "",
                            "egress.743857975.from_port": "3000",
                            "egress.743857975.ipv6_cidr_blocks.#": "0",
                            "egress.743857975.prefix_list_ids.#": "0",
                            "egress.743857975.protocol": "tcp",
                            "egress.743857975.security_groups.#": "0",
                            "egress.743857975.self": "false",
                            "egress.743857975.to_port": "3000",
                            "id": "sg-69459501",
                            "ingress.#": "2",
                            "ingress.2214680975.cidr_blocks.#": "1",
                            "ingress.2214680975.cidr_blocks.0": "0.0.0.0/0",
                            "ingress.2214680975.description": "",
                            "ingress.2214680975.from_port": "80",
                            "ingress.2214680975.ipv6_cidr_blocks.#": "0",
                            "ingress.2214680975.protocol": "tcp",
                            "ingress.2214680975.security_groups.#": "0",
                            "ingress.2214680975.self": "false",
                            "ingress.2214680975.to_port": "80",
                            "ingress.2617001939.cidr_blocks.#": "1",
                            "ingress.2617001939.cidr_blocks.0": "0.0.0.0/0",
                            "ingress.2617001939.description": "",
                            "ingress.2617001939.from_port": "443",
                            "ingress.2617001939.ipv6_cidr_blocks.#": "0",
                            "ingress.2617001939.protocol": "tcp",
                            "ingress.2617001939.security_groups.#": "0",
                            "ingress.2617001939.self": "false",
                            "ingress.2617001939.to_port": "443",
                            "name": "elb",
                            "owner_id": "135928476890",
                            "revoke_rules_on_delete": "false",
                            "tags.%": "1",
                            "tags.Name": "elb-keir",
                            "vpc_id": "vpc-47a9f32e"
                        },
                        "meta": {
                            "schema_version": "1"
                        },
                        "tainted": false
                    },
                    "deposed": [],
                    "provider": ""
                },
                "aws_subnet.private-app": {
                    "type": "aws_subnet",
                    "depends_on": [
                        "aws_vpc.uat"
                    ],
                    "primary": {
                        "id": "subnet-0a431771",
                        "attributes": {
                            "assign_ipv6_address_on_creation": "false",
                            "availability_zone": "eu-west-2a",
                            "cidr_block": "10.6.0.0/24",
                            "id": "subnet-0a431771",
                            "map_public_ip_on_launch": "false",
                            "tags.%": "1",
                            "tags.Name": "app-keir",
                            "vpc_id": "vpc-47a9f32e"
                        },
                        "meta": {
                            "schema_version": "1"
                        },
                        "tainted": false
                    },
                    "deposed": [],
                    "provider": ""
                },
                "aws_subnet.private-db": {
                    "type": "aws_subnet",
                    "depends_on": [
                        "aws_vpc.uat"
                    ],
                    "primary": {
                        "id": "subnet-6c421617",
                        "attributes": {
                            "assign_ipv6_address_on_creation": "false",
                            "availability_zone": "eu-west-2a",
                            "cidr_block": "10.6.1.0/24",
                            "id": "subnet-6c421617",
                            "map_public_ip_on_launch": "false",
                            "tags.%": "1",
                            "tags.Name": "db-keir",
                            "vpc_id": "vpc-47a9f32e"
                        },
                        "meta": {
                            "schema_version": "1"
                        },
                        "tainted": false
                    },
                    "deposed": [],
                    "provider": ""
                },
                "aws_subnet.public-elb": {
                    "type": "aws_subnet",
                    "depends_on": [
                        "aws_vpc.uat"
                    ],
                    "primary": {
                        "id": "subnet-0b431770",
                        "attributes": {
                            "assign_ipv6_address_on_creation": "false",
                            "availability_zone": "eu-west-2a",
                            "cidr_block": "10.6.2.0/24",
                            "id": "subnet-0b431770",
                            "map_public_ip_on_launch": "true",
                            "tags.%": "1",
                            "tags.Name": "elb-keir",
                            "vpc_id": "vpc-47a9f32e"
                        },
                        "meta": {
                            "schema_version": "1"
                        },
                        "tainted": false
                    },
                    "deposed": [],
                    "provider": ""
                },
                "aws_vpc.uat": {
                    "type": "aws_vpc",
                    "depends_on": [],
                    "primary": {
                        "id": "vpc-47a9f32e",
                        "attributes": {
                            "assign_generated_ipv6_cidr_block": "false",
                            "cidr_block": "10.6.0.0/16",
                            "default_network_acl_id": "acl-c56155ac",
                            "default_route_table_id": "rtb-069aa66f",
                            "default_security_group_id": "sg-68459500",
                            "dhcp_options_id": "dopt-c022f2a9",
                            "enable_dns_hostnames": "false",
                            "enable_dns_support": "true",
                            "id": "vpc-47a9f32e",
                            "instance_tenancy": "default",
                            "main_route_table_id": "rtb-069aa66f",
                            "tags.%": "1",
                            "tags.Name": "main-keir"
                        },
                        "meta": {
                            "schema_version": "1"
                        },
                        "tainted": false
                    },
                    "deposed": [],
                    "provider": ""
                },
                "data.template_file.init": {
                    "type": "template_file",
                    "depends_on": [
                        "aws_instance.db"
                    ],
                    "primary": {
                        "id": "11f141cbf8ab34a93baa8ab3f3b2f2bee53dd5c5c274c18c4cf1162a129695ac",
                        "attributes": {
                            "id": "11f141cbf8ab34a93baa8ab3f3b2f2bee53dd5c5c274c18c4cf1162a129695ac",
                            "rendered": "#!/bin/bash\n\ncd /home/ubuntu/app\n\nexport DB_HOST=mongodb://10.6.1.122/posts\nnpm install\npm2 start app.js",
                            "template": "#!/bin/bash\n\ncd /home/ubuntu/app\n\nexport DB_HOST=mongodb://${db_host_ip}/posts\nnpm install\npm2 start app.js",
                            "vars.%": "1",
                            "vars.db_host_ip": "10.6.1.122"
                        },
                        "meta": {},
                        "tainted": false
                    },
                    "deposed": [],
                    "provider": ""
                }
            },
            "depends_on": []
        }
    ]
}
