{
    "version": 3,
    "terraform_version": "0.10.8",
    "serial": 4,
    "lineage": "ca65dfd3-8277-49e2-9d6c-73efee9058cc",
    "modules": [
        {
            "path": [
                "root"
            ],
            "outputs": {},
            "resources": {
                "aws_elb.keir-elb": {
                    "type": "aws_elb",
                    "depends_on": [
                        "aws_instance.app",
                        "aws_subnet.public-elb"
                    ],
                    "primary": {
                        "id": "keir-elb",
                        "attributes": {
                            "access_logs.#": "0",
                            "availability_zones.#": "1",
                            "availability_zones.3230292939": "eu-west-2a",
                            "connection_draining": "true",
                            "connection_draining_timeout": "400",
                            "cross_zone_load_balancing": "true",
                            "dns_name": "keir-elb-263149818.eu-west-2.elb.amazonaws.com",
                            "health_check.#": "1",
                            "health_check.0.healthy_threshold": "3",
                            "health_check.0.interval": "30",
                            "health_check.0.target": "HTTP:8000/",
                            "health_check.0.timeout": "3",
                            "health_check.0.unhealthy_threshold": "3",
                            "id": "keir-elb",
                            "idle_timeout": "400",
                            "instances.#": "1",
                            "instances.1707379907": "i-04045183d1ec905a9",
                            "internal": "false",
                            "listener.#": "1",
                            "listener.206423021.instance_port": "8000",
                            "listener.206423021.instance_protocol": "http",
                            "listener.206423021.lb_port": "80",
                            "listener.206423021.lb_protocol": "http",
                            "listener.206423021.ssl_certificate_id": "",
                            "name": "keir-elb",
                            "security_groups.#": "1",
                            "security_groups.1240651667": "sg-1a5f8e72",
                            "source_security_group": "135928476890/default",
                            "source_security_group_id": "sg-1a5f8e72",
                            "subnets.#": "1",
                            "subnets.234413306": "subnet-93d782e8",
                            "tags.%": "1",
                            "tags.Name": "keir-elb",
                            "zone_id": "ZHURV8PSTC4K8"
                        },
                        "meta": {},
                        "tainted": false
                    },
                    "deposed": [],
                    "provider": ""
                },
                "aws_instance.app": {
                    "type": "aws_instance",
                    "depends_on": [
                        "aws_instance.db",
                        "aws_security_group.app",
                        "aws_subnet.private-app",
                        "data.template_file.init"
                    ],
                    "primary": {
                        "id": "i-08ee4b17dd0c058d2",
                        "attributes": {
                            "ami": "ami-e0dcc084",
                            "associate_public_ip_address": "false",
                            "availability_zone": "eu-west-2a",
                            "disable_api_termination": "false",
                            "ebs_block_device.#": "0",
                            "ebs_optimized": "false",
                            "ephemeral_block_device.#": "0",
                            "iam_instance_profile": "",
                            "id": "i-08ee4b17dd0c058d2",
                            "instance_state": "running",
                            "instance_type": "t2.micro",
                            "ipv6_addresses.#": "0",
                            "key_name": "",
                            "monitoring": "false",
                            "network_interface.#": "0",
                            "network_interface_id": "eni-a0c93ff5",
                            "primary_network_interface_id": "eni-a0c93ff5",
                            "private_dns": "ip-10-6-0-137.eu-west-2.compute.internal",
                            "private_ip": "10.6.0.137",
                            "public_dns": "",
                            "public_ip": "",
                            "root_block_device.#": "1",
                            "root_block_device.0.delete_on_termination": "true",
                            "root_block_device.0.iops": "100",
                            "root_block_device.0.volume_size": "8",
                            "root_block_device.0.volume_type": "gp2",
                            "security_groups.#": "0",
                            "source_dest_check": "true",
                            "subnet_id": "subnet-54d0852f",
                            "tags.%": "1",
                            "tags.Name": "app-keir",
                            "tenancy": "default",
                            "user_data": "bbab25873f11d3490751c5e4cfa394259346932f",
                            "volume_tags.%": "0",
                            "vpc_security_group_ids.#": "1",
                            "vpc_security_group_ids.3360540914": "sg-bf5d8cd7"
                        },
                        "meta": {
                            "e2bfb730-ecaa-11e6-8f88-34363bc7c4c0": {
                                "create": 600000000000,
                                "delete": 600000000000,
                                "update": 600000000000
                            },
                            "schema_version": "1"
                        },
                        "tainted": false
                    },
                    "deposed": [
                        {
                            "id": "i-04045183d1ec905a9",
                            "attributes": {
                                "ami": "ami-e0dcc084",
                                "associate_public_ip_address": "false",
                                "availability_zone": "eu-west-2a",
                                "disable_api_termination": "false",
                                "ebs_block_device.#": "0",
                                "ebs_optimized": "false",
                                "ephemeral_block_device.#": "0",
                                "iam_instance_profile": "",
                                "id": "i-04045183d1ec905a9",
                                "instance_state": "running",
                                "instance_type": "t2.micro",
                                "ipv6_addresses.#": "0",
                                "key_name": "",
                                "monitoring": "false",
                                "network_interface.#": "0",
                                "network_interface_id": "eni-4fcd3b1a",
                                "primary_network_interface_id": "eni-4fcd3b1a",
                                "private_dns": "ip-10-6-0-62.eu-west-2.compute.internal",
                                "private_ip": "10.6.0.62",
                                "public_dns": "",
                                "public_ip": "",
                                "root_block_device.#": "1",
                                "root_block_device.0.delete_on_termination": "true",
                                "root_block_device.0.iops": "100",
                                "root_block_device.0.volume_size": "8",
                                "root_block_device.0.volume_type": "gp2",
                                "security_groups.#": "0",
                                "source_dest_check": "true",
                                "subnet_id": "subnet-54d0852f",
                                "tags.%": "1",
                                "tags.Name": "app-keir",
                                "tenancy": "default",
                                "user_data": "a8fb5e41c5624601d4ffc254d4e0231ad24b99de",
                                "volume_tags.%": "0",
                                "vpc_security_group_ids.#": "1",
                                "vpc_security_group_ids.3360540914": "sg-bf5d8cd7"
                            },
                            "meta": {
                                "e2bfb730-ecaa-11e6-8f88-34363bc7c4c0": {
                                    "create": 600000000000,
                                    "delete": 600000000000,
                                    "update": 600000000000
                                },
                                "schema_version": "1"
                            },
                            "tainted": false
                        }
                    ],
                    "provider": ""
                },
                "aws_instance.db": {
                    "type": "aws_instance",
                    "depends_on": [
                        "aws_security_group.db",
                        "aws_subnet.private-db"
                    ],
                    "primary": {
                        "id": "i-0abd4278dc265507c",
                        "attributes": {
                            "ami": "ami-23fae647",
                            "associate_public_ip_address": "false",
                            "availability_zone": "eu-west-2a",
                            "disable_api_termination": "false",
                            "ebs_block_device.#": "0",
                            "ebs_optimized": "false",
                            "ephemeral_block_device.#": "0",
                            "iam_instance_profile": "",
                            "id": "i-0abd4278dc265507c",
                            "instance_state": "running",
                            "instance_type": "t2.micro",
                            "ipv6_addresses.#": "0",
                            "key_name": "",
                            "monitoring": "false",
                            "network_interface.#": "0",
                            "network_interface_id": "eni-a4c93ff1",
                            "primary_network_interface_id": "eni-a4c93ff1",
                            "private_dns": "ip-10-6-1-185.eu-west-2.compute.internal",
                            "private_ip": "10.6.1.185",
                            "public_dns": "",
                            "public_ip": "",
                            "root_block_device.#": "1",
                            "root_block_device.0.delete_on_termination": "true",
                            "root_block_device.0.iops": "100",
                            "root_block_device.0.volume_size": "8",
                            "root_block_device.0.volume_type": "gp2",
                            "security_groups.#": "0",
                            "source_dest_check": "true",
                            "subnet_id": "subnet-1fd18464",
                            "tags.%": "1",
                            "tags.Name": "db-keir",
                            "tenancy": "default",
                            "volume_tags.%": "0",
                            "vpc_security_group_ids.#": "1",
                            "vpc_security_group_ids.1185778603": "sg-045a8b6c"
                        },
                        "meta": {
                            "e2bfb730-ecaa-11e6-8f88-34363bc7c4c0": {
                                "create": 600000000000,
                                "delete": 600000000000,
                                "update": 600000000000
                            },
                            "schema_version": "1"
                        },
                        "tainted": false
                    },
                    "deposed": [
                        {
                            "id": "i-04957233c30da9d61",
                            "attributes": {
                                "ami": "ami-23fae647",
                                "associate_public_ip_address": "false",
                                "availability_zone": "eu-west-2a",
                                "disable_api_termination": "false",
                                "ebs_block_device.#": "0",
                                "ebs_optimized": "false",
                                "ephemeral_block_device.#": "0",
                                "iam_instance_profile": "",
                                "id": "i-04957233c30da9d61",
                                "instance_state": "running",
                                "instance_type": "t2.micro",
                                "ipv6_addresses.#": "0",
                                "key_name": "",
                                "monitoring": "false",
                                "network_interface.#": "0",
                                "network_interface_id": "eni-92cb3dc7",
                                "primary_network_interface_id": "eni-92cb3dc7",
                                "private_dns": "ip-10-6-1-196.eu-west-2.compute.internal",
                                "private_ip": "10.6.1.196",
                                "public_dns": "",
                                "public_ip": "",
                                "root_block_device.#": "1",
                                "root_block_device.0.delete_on_termination": "true",
                                "root_block_device.0.iops": "100",
                                "root_block_device.0.volume_size": "8",
                                "root_block_device.0.volume_type": "gp2",
                                "security_groups.#": "0",
                                "source_dest_check": "true",
                                "subnet_id": "subnet-1fd18464",
                                "tags.%": "1",
                                "tags.Name": "db-keir",
                                "tenancy": "default",
                                "volume_tags.%": "0",
                                "vpc_security_group_ids.#": "1",
                                "vpc_security_group_ids.1185778603": "sg-045a8b6c"
                            },
                            "meta": {
                                "e2bfb730-ecaa-11e6-8f88-34363bc7c4c0": {
                                    "create": 600000000000,
                                    "delete": 600000000000,
                                    "update": 600000000000
                                },
                                "schema_version": "1"
                            },
                            "tainted": false
                        }
                    ],
                    "provider": ""
                },
                "aws_internet_gateway.keir-gateway": {
                    "type": "aws_internet_gateway",
                    "depends_on": [
                        "aws_vpc.uat"
                    ],
                    "primary": {
                        "id": "igw-7741da1e",
                        "attributes": {
                            "id": "igw-7741da1e",
                            "tags.%": "1",
                            "tags.Name": "keir-gw",
                            "vpc_id": "vpc-d5015bbc"
                        },
                        "meta": {},
                        "tainted": false
                    },
                    "deposed": [],
                    "provider": ""
                },
                "aws_network_acl.default-keir": {
                    "type": "aws_network_acl",
                    "depends_on": [
                        "aws_vpc.uat"
                    ],
                    "primary": {
                        "id": "acl-39053050",
                        "attributes": {
                            "egress.#": "1",
                            "egress.513736600.action": "deny",
                            "egress.513736600.cidr_block": "0.0.0.0/0",
                            "egress.513736600.from_port": "0",
                            "egress.513736600.icmp_code": "0",
                            "egress.513736600.icmp_type": "0",
                            "egress.513736600.ipv6_cidr_block": "",
                            "egress.513736600.protocol": "-1",
                            "egress.513736600.rule_no": "99",
                            "egress.513736600.to_port": "0",
                            "id": "acl-39053050",
                            "ingress.#": "1",
                            "ingress.513736600.action": "deny",
                            "ingress.513736600.cidr_block": "0.0.0.0/0",
                            "ingress.513736600.from_port": "0",
                            "ingress.513736600.icmp_code": "0",
                            "ingress.513736600.icmp_type": "0",
                            "ingress.513736600.ipv6_cidr_block": "",
                            "ingress.513736600.protocol": "-1",
                            "ingress.513736600.rule_no": "99",
                            "ingress.513736600.to_port": "0",
                            "subnet_ids.#": "0",
                            "tags.%": "1",
                            "tags.Name": "private-keir",
                            "vpc_id": "vpc-d5015bbc"
                        },
                        "meta": {},
                        "tainted": false
                    },
                    "deposed": [],
                    "provider": ""
                },
                "aws_network_acl.private-app-keir": {
                    "type": "aws_network_acl",
                    "depends_on": [
                        "aws_subnet.private-app",
                        "aws_subnet.public-elb",
                        "aws_vpc.uat"
                    ],
                    "primary": {
                        "id": "acl-c50431ac",
                        "attributes": {
                            "egress.#": "1",
                            "egress.11291757.action": "allow",
                            "egress.11291757.cidr_block": "10.6.2.0/24",
                            "egress.11291757.from_port": "0",
                            "egress.11291757.icmp_code": "0",
                            "egress.11291757.icmp_type": "0",
                            "egress.11291757.ipv6_cidr_block": "",
                            "egress.11291757.protocol": "6",
                            "egress.11291757.rule_no": "300",
                            "egress.11291757.to_port": "65535",
                            "id": "acl-c50431ac",
                            "ingress.#": "1",
                            "ingress.3734424472.action": "allow",
                            "ingress.3734424472.cidr_block": "10.6.2.0/24",
                            "ingress.3734424472.from_port": "3000",
                            "ingress.3734424472.icmp_code": "0",
                            "ingress.3734424472.icmp_type": "0",
                            "ingress.3734424472.ipv6_cidr_block": "",
                            "ingress.3734424472.protocol": "6",
                            "ingress.3734424472.rule_no": "300",
                            "ingress.3734424472.to_port": "3000",
                            "subnet_ids.#": "1",
                            "subnet_ids.1370917582": "subnet-54d0852f",
                            "tags.%": "1",
                            "tags.Name": "private-app-keir",
                            "vpc_id": "vpc-d5015bbc"
                        },
                        "meta": {},
                        "tainted": false
                    },
                    "deposed": [],
                    "provider": ""
                },
                "aws_network_acl.private-db-keir": {
                    "type": "aws_network_acl",
                    "depends_on": [
                        "aws_subnet.private-app",
                        "aws_subnet.private-db",
                        "aws_vpc.uat"
                    ],
                    "primary": {
                        "id": "acl-4506332c",
                        "attributes": {
                            "egress.#": "1",
                            "egress.3969372914.action": "allow",
                            "egress.3969372914.cidr_block": "10.6.0.0/24",
                            "egress.3969372914.from_port": "0",
                            "egress.3969372914.icmp_code": "0",
                            "egress.3969372914.icmp_type": "0",
                            "egress.3969372914.ipv6_cidr_block": "",
                            "egress.3969372914.protocol": "6",
                            "egress.3969372914.rule_no": "300",
                            "egress.3969372914.to_port": "65535",
                            "id": "acl-4506332c",
                            "ingress.#": "1",
                            "ingress.2676505524.action": "allow",
                            "ingress.2676505524.cidr_block": "10.6.0.0/24",
                            "ingress.2676505524.from_port": "27017",
                            "ingress.2676505524.icmp_code": "0",
                            "ingress.2676505524.icmp_type": "0",
                            "ingress.2676505524.ipv6_cidr_block": "",
                            "ingress.2676505524.protocol": "6",
                            "ingress.2676505524.rule_no": "300",
                            "ingress.2676505524.to_port": "27017",
                            "subnet_ids.#": "1",
                            "subnet_ids.3156069105": "subnet-1fd18464",
                            "tags.%": "1",
                            "tags.Name": "private-db-keir",
                            "vpc_id": "vpc-d5015bbc"
                        },
                        "meta": {},
                        "tainted": false
                    },
                    "deposed": [],
                    "provider": ""
                },
                "aws_network_acl.public-elb-keir": {
                    "type": "aws_network_acl",
                    "depends_on": [
                        "aws_subnet.private-app",
                        "aws_subnet.public-elb",
                        "aws_vpc.uat"
                    ],
                    "primary": {
                        "id": "acl-c40431ad",
                        "attributes": {
                            "egress.#": "1",
                            "egress.1766759951.action": "allow",
                            "egress.1766759951.cidr_block": "0.0.0.0/0",
                            "egress.1766759951.from_port": "0",
                            "egress.1766759951.icmp_code": "0",
                            "egress.1766759951.icmp_type": "0",
                            "egress.1766759951.ipv6_cidr_block": "",
                            "egress.1766759951.protocol": "6",
                            "egress.1766759951.rule_no": "300",
                            "egress.1766759951.to_port": "65535",
                            "id": "acl-c40431ad",
                            "ingress.#": "2",
                            "ingress.1126506806.action": "allow",
                            "ingress.1126506806.cidr_block": "0.0.0.0/0",
                            "ingress.1126506806.from_port": "80",
                            "ingress.1126506806.icmp_code": "0",
                            "ingress.1126506806.icmp_type": "0",
                            "ingress.1126506806.ipv6_cidr_block": "",
                            "ingress.1126506806.protocol": "6",
                            "ingress.1126506806.rule_no": "300",
                            "ingress.1126506806.to_port": "80",
                            "ingress.714629306.action": "allow",
                            "ingress.714629306.cidr_block": "10.6.0.0/24",
                            "ingress.714629306.from_port": "0",
                            "ingress.714629306.icmp_code": "0",
                            "ingress.714629306.icmp_type": "0",
                            "ingress.714629306.ipv6_cidr_block": "",
                            "ingress.714629306.protocol": "6",
                            "ingress.714629306.rule_no": "100",
                            "ingress.714629306.to_port": "65535",
                            "subnet_ids.#": "1",
                            "subnet_ids.234413306": "subnet-93d782e8",
                            "tags.%": "1",
                            "tags.Name": "public-keir",
                            "vpc_id": "vpc-d5015bbc"
                        },
                        "meta": {},
                        "tainted": false
                    },
                    "deposed": [],
                    "provider": ""
                },
                "aws_route_table.private-rt": {
                    "type": "aws_route_table",
                    "depends_on": [
                        "aws_vpc.uat"
                    ],
                    "primary": {
                        "id": "rtb-0449756d",
                        "attributes": {
                            "id": "rtb-0449756d",
                            "propagating_vgws.#": "0",
                            "route.#": "0",
                            "tags.%": "1",
                            "tags.Name": "keir-route-private",
                            "vpc_id": "vpc-d5015bbc"
                        },
                        "meta": {},
                        "tainted": false
                    },
                    "deposed": [],
                    "provider": ""
                },
                "aws_route_table.public-rt": {
                    "type": "aws_route_table",
                    "depends_on": [
                        "aws_internet_gateway.keir-gateway",
                        "aws_vpc.uat"
                    ],
                    "primary": {
                        "id": "rtb-0749756e",
                        "attributes": {
                            "id": "rtb-0749756e",
                            "propagating_vgws.#": "0",
                            "route.#": "1",
                            "route.3543578914.cidr_block": "0.0.0.0/0",
                            "route.3543578914.egress_only_gateway_id": "",
                            "route.3543578914.gateway_id": "igw-7741da1e",
                            "route.3543578914.instance_id": "",
                            "route.3543578914.ipv6_cidr_block": "",
                            "route.3543578914.nat_gateway_id": "",
                            "route.3543578914.network_interface_id": "",
                            "route.3543578914.vpc_peering_connection_id": "",
                            "tags.%": "1",
                            "tags.Name": "keir-route-public",
                            "vpc_id": "vpc-d5015bbc"
                        },
                        "meta": {},
                        "tainted": false
                    },
                    "deposed": [],
                    "provider": ""
                },
                "aws_route_table_association.private-keir": {
                    "type": "aws_route_table_association",
                    "depends_on": [
                        "aws_route_table.private-rt",
                        "aws_subnet.private-db"
                    ],
                    "primary": {
                        "id": "rtbassoc-5fec1b37",
                        "attributes": {
                            "id": "rtbassoc-5fec1b37",
                            "route_table_id": "rtb-0449756d",
                            "subnet_id": "subnet-1fd18464"
                        },
                        "meta": {},
                        "tainted": false
                    },
                    "deposed": [],
                    "provider": ""
                },
                "aws_route_table_association.public-keir": {
                    "type": "aws_route_table_association",
                    "depends_on": [
                        "aws_route_table.public-rt",
                        "aws_subnet.public-elb"
                    ],
                    "primary": {
                        "id": "rtbassoc-30eb1c58",
                        "attributes": {
                            "id": "rtbassoc-30eb1c58",
                            "route_table_id": "rtb-0749756e",
                            "subnet_id": "subnet-93d782e8"
                        },
                        "meta": {},
                        "tainted": false
                    },
                    "deposed": [],
                    "provider": ""
                },
                "aws_security_group.app": {
                    "type": "aws_security_group",
                    "depends_on": [
                        "aws_subnet.private-db",
                        "aws_subnet.public-elb",
                        "aws_vpc.uat"
                    ],
                    "primary": {
                        "id": "sg-bf5d8cd7",
                        "attributes": {
                            "description": "Allow all inbound and outbound traffic",
                            "egress.#": "1",
                            "egress.4507373.cidr_blocks.#": "1",
                            "egress.4507373.cidr_blocks.0": "10.6.1.0/24",
                            "egress.4507373.description": "",
                            "egress.4507373.from_port": "5432",
                            "egress.4507373.ipv6_cidr_blocks.#": "0",
                            "egress.4507373.prefix_list_ids.#": "0",
                            "egress.4507373.protocol": "tcp",
                            "egress.4507373.security_groups.#": "0",
                            "egress.4507373.self": "false",
                            "egress.4507373.to_port": "5432",
                            "id": "sg-bf5d8cd7",
                            "ingress.#": "1",
                            "ingress.3150532126.cidr_blocks.#": "1",
                            "ingress.3150532126.cidr_blocks.0": "10.6.2.0/24",
                            "ingress.3150532126.description": "",
                            "ingress.3150532126.from_port": "3000",
                            "ingress.3150532126.ipv6_cidr_blocks.#": "0",
                            "ingress.3150532126.protocol": "tcp",
                            "ingress.3150532126.security_groups.#": "0",
                            "ingress.3150532126.self": "false",
                            "ingress.3150532126.to_port": "3000",
                            "name": "app",
                            "owner_id": "135928476890",
                            "revoke_rules_on_delete": "false",
                            "tags.%": "1",
                            "tags.Name": "app-keir",
                            "vpc_id": "vpc-d5015bbc"
                        },
                        "meta": {
                            "schema_version": "1"
                        },
                        "tainted": false
                    },
                    "deposed": [],
                    "provider": ""
                },
                "aws_security_group.db": {
                    "type": "aws_security_group",
                    "depends_on": [
                        "aws_subnet.private-app",
                        "aws_vpc.uat"
                    ],
                    "primary": {
                        "id": "sg-045a8b6c",
                        "attributes": {
                            "description": "Allow traffic from app",
                            "egress.#": "1",
                            "egress.2788412761.cidr_blocks.#": "1",
                            "egress.2788412761.cidr_blocks.0": "10.6.0.0/24",
                            "egress.2788412761.description": "",
                            "egress.2788412761.from_port": "5432",
                            "egress.2788412761.ipv6_cidr_blocks.#": "0",
                            "egress.2788412761.prefix_list_ids.#": "0",
                            "egress.2788412761.protocol": "tcp",
                            "egress.2788412761.security_groups.#": "0",
                            "egress.2788412761.self": "false",
                            "egress.2788412761.to_port": "5432",
                            "id": "sg-045a8b6c",
                            "ingress.#": "1",
                            "ingress.2788412761.cidr_blocks.#": "1",
                            "ingress.2788412761.cidr_blocks.0": "10.6.0.0/24",
                            "ingress.2788412761.description": "",
                            "ingress.2788412761.from_port": "5432",
                            "ingress.2788412761.ipv6_cidr_blocks.#": "0",
                            "ingress.2788412761.protocol": "tcp",
                            "ingress.2788412761.security_groups.#": "0",
                            "ingress.2788412761.self": "false",
                            "ingress.2788412761.to_port": "5432",
                            "name": "db",
                            "owner_id": "135928476890",
                            "revoke_rules_on_delete": "false",
                            "tags.%": "1",
                            "tags.Name": "db-keir",
                            "vpc_id": "vpc-d5015bbc"
                        },
                        "meta": {
                            "schema_version": "1"
                        },
                        "tainted": false
                    },
                    "deposed": [],
                    "provider": ""
                },
                "aws_security_group.elb": {
                    "type": "aws_security_group",
                    "depends_on": [
                        "aws_subnet.private-app",
                        "aws_vpc.uat"
                    ],
                    "primary": {
                        "id": "sg-705f8e18",
                        "attributes": {
                            "description": "Allow all inbound and outbound traffic",
                            "egress.#": "1",
                            "egress.2788412761.cidr_blocks.#": "1",
                            "egress.2788412761.cidr_blocks.0": "10.6.0.0/24",
                            "egress.2788412761.description": "",
                            "egress.2788412761.from_port": "5432",
                            "egress.2788412761.ipv6_cidr_blocks.#": "0",
                            "egress.2788412761.prefix_list_ids.#": "0",
                            "egress.2788412761.protocol": "tcp",
                            "egress.2788412761.security_groups.#": "0",
                            "egress.2788412761.self": "false",
                            "egress.2788412761.to_port": "5432",
                            "id": "sg-705f8e18",
                            "ingress.#": "2",
                            "ingress.2214680975.cidr_blocks.#": "1",
                            "ingress.2214680975.cidr_blocks.0": "0.0.0.0/0",
                            "ingress.2214680975.description": "",
                            "ingress.2214680975.from_port": "80",
                            "ingress.2214680975.ipv6_cidr_blocks.#": "0",
                            "ingress.2214680975.protocol": "tcp",
                            "ingress.2214680975.security_groups.#": "0",
                            "ingress.2214680975.self": "false",
                            "ingress.2214680975.to_port": "80",
                            "ingress.2617001939.cidr_blocks.#": "1",
                            "ingress.2617001939.cidr_blocks.0": "0.0.0.0/0",
                            "ingress.2617001939.description": "",
                            "ingress.2617001939.from_port": "443",
                            "ingress.2617001939.ipv6_cidr_blocks.#": "0",
                            "ingress.2617001939.protocol": "tcp",
                            "ingress.2617001939.security_groups.#": "0",
                            "ingress.2617001939.self": "false",
                            "ingress.2617001939.to_port": "443",
                            "name": "elb",
                            "owner_id": "135928476890",
                            "revoke_rules_on_delete": "false",
                            "tags.%": "1",
                            "tags.Name": "elb-keir",
                            "vpc_id": "vpc-d5015bbc"
                        },
                        "meta": {
                            "schema_version": "1"
                        },
                        "tainted": false
                    },
                    "deposed": [],
                    "provider": ""
                },
                "aws_subnet.private-app": {
                    "type": "aws_subnet",
                    "depends_on": [
                        "aws_vpc.uat"
                    ],
                    "primary": {
                        "id": "subnet-54d0852f",
                        "attributes": {
                            "assign_ipv6_address_on_creation": "false",
                            "availability_zone": "eu-west-2a",
                            "cidr_block": "10.6.0.0/24",
                            "id": "subnet-54d0852f",
                            "map_public_ip_on_launch": "false",
                            "tags.%": "1",
                            "tags.Name": "app-keir",
                            "vpc_id": "vpc-d5015bbc"
                        },
                        "meta": {
                            "schema_version": "1"
                        },
                        "tainted": false
                    },
                    "deposed": [],
                    "provider": ""
                },
                "aws_subnet.private-db": {
                    "type": "aws_subnet",
                    "depends_on": [
                        "aws_vpc.uat"
                    ],
                    "primary": {
                        "id": "subnet-1fd18464",
                        "attributes": {
                            "assign_ipv6_address_on_creation": "false",
                            "availability_zone": "eu-west-2a",
                            "cidr_block": "10.6.1.0/24",
                            "id": "subnet-1fd18464",
                            "map_public_ip_on_launch": "false",
                            "tags.%": "1",
                            "tags.Name": "db-keir",
                            "vpc_id": "vpc-d5015bbc"
                        },
                        "meta": {
                            "schema_version": "1"
                        },
                        "tainted": false
                    },
                    "deposed": [],
                    "provider": ""
                },
                "aws_subnet.public-elb": {
                    "type": "aws_subnet",
                    "depends_on": [
                        "aws_vpc.uat"
                    ],
                    "primary": {
                        "id": "subnet-93d782e8",
                        "attributes": {
                            "assign_ipv6_address_on_creation": "false",
                            "availability_zone": "eu-west-2a",
                            "cidr_block": "10.6.2.0/24",
                            "id": "subnet-93d782e8",
                            "map_public_ip_on_launch": "true",
                            "tags.%": "1",
                            "tags.Name": "elb-keir",
                            "vpc_id": "vpc-d5015bbc"
                        },
                        "meta": {
                            "schema_version": "1"
                        },
                        "tainted": false
                    },
                    "deposed": [],
                    "provider": ""
                },
                "aws_vpc.uat": {
                    "type": "aws_vpc",
                    "depends_on": [],
                    "primary": {
                        "id": "vpc-d5015bbc",
                        "attributes": {
                            "assign_generated_ipv6_cidr_block": "false",
                            "cidr_block": "10.6.0.0/16",
                            "default_network_acl_id": "acl-3f043156",
                            "default_route_table_id": "rtb-4e497527",
                            "default_security_group_id": "sg-1a5f8e72",
                            "dhcp_options_id": "dopt-c022f2a9",
                            "enable_dns_hostnames": "false",
                            "enable_dns_support": "true",
                            "id": "vpc-d5015bbc",
                            "instance_tenancy": "default",
                            "main_route_table_id": "rtb-4e497527",
                            "tags.%": "1",
                            "tags.Name": "main-keir"
                        },
                        "meta": {
                            "schema_version": "1"
                        },
                        "tainted": false
                    },
                    "deposed": [],
                    "provider": ""
                },
                "data.template_file.init": {
                    "type": "template_file",
                    "depends_on": [
                        "aws_instance.db"
                    ],
                    "primary": {
                        "id": "096ed08f17f3af74a5a43df71cfbe86f2a963e7f673badd1bc734e62922819fd",
                        "attributes": {
                            "id": "096ed08f17f3af74a5a43df71cfbe86f2a963e7f673badd1bc734e62922819fd",
                            "rendered": "#!/bin/bash\n\ncd /home/ubuntu/app\n\nexport DB_HOST=mongodb://10.6.1.185/posts\nnpm install\npm2 start app.js",
                            "template": "#!/bin/bash\n\ncd /home/ubuntu/app\n\nexport DB_HOST=mongodb://${db_host_ip}/posts\nnpm install\npm2 start app.js",
                            "vars.%": "1",
                            "vars.db_host_ip": "10.6.1.185"
                        },
                        "meta": {},
                        "tainted": false
                    },
                    "deposed": [],
                    "provider": ""
                }
            },
            "depends_on": []
        }
    ]
}
